<?xml version="1.0" encoding="utf-8"?>
<Project ToolsVersion="4.0" xmlns="http://schemas.microsoft.com/developer/msbuild/2003">
  <ItemGroup>
    <Filter Include="Source Files">
      <UniqueIdentifier>{4FC737F1-C7A5-4376-A066-2A32D752A2FF}</UniqueIdentifier>
      <Extensions>cpp;c;cc;cxx;c++;cppm;ixx;def;odl;idl;hpj;bat;asm;asmx</Extensions>
    </Filter>
    <Filter Include="Header Files">
      <UniqueIdentifier>{93995380-89BD-4b04-88EB-625FBE52EBFB}</UniqueIdentifier>
      <Extensions>h;hh;hpp;hxx;h++;hm;inl;inc;ipp;xsd</Extensions>
    </Filter>
    <Filter Include="Source Files\AudioEffect">
      <UniqueIdentifier>{5aca9668-1a76-42f0-bce1-19ebc5e7492c}</UniqueIdentifier>
    </Filter>
    <Filter Include="Header Files\AudioEffect">
      <UniqueIdentifier>{76aa4d8e-e7fa-454d-93b3-aded0f9216ff}</UniqueIdentifier>
    </Filter>
    <Filter Include="Header Files\AudioEffect\detail">
      <UniqueIdentifier>{ae6e503d-41e1-431e-80ff-792658686882}</UniqueIdentifier>
    </Filter>
    <Filter Include="Header Files\AudioEffect\DSP">
      <UniqueIdentifier>{e7afd076-36f2-42a6-9e5b-7f5d2a253434}</UniqueIdentifier>
    </Filter>
    <Filter Include="Source Files\AudioEffect\DSP">
      <UniqueIdentifier>{d05deea0-7285-4596-9f78-fca8d7a9ca65}</UniqueIdentifier>
    </Filter>
    <Filter Include="Header Files\AudioEffect\Params">
      <UniqueIdentifier>{e705ee3f-0c63-4fe9-8c3d-b0a271560e85}</UniqueIdentifier>
    </Filter>
    <Filter Include="Source Files\AudioEffect\detail">
      <UniqueIdentifier>{50d0f99c-eed0-42fb-a3ac-494f250c208f}</UniqueIdentifier>
    </Filter>
  </ItemGroup>
  <ItemGroup>
    <ClInclude Include="include\ksmaudio\ksmaudio.hpp">
      <Filter>Header Files</Filter>
    </ClInclude>
    <ClInclude Include="include\ksmaudio\Sample.hpp">
      <Filter>Header Files</Filter>
    </ClInclude>
    <ClInclude Include="include\ksmaudio\Stream.hpp">
      <Filter>Header Files</Filter>
    </ClInclude>
    <ClInclude Include="include\ksmaudio\AudioEffect\AudioEffect.hpp">
      <Filter>Header Files\AudioEffect</Filter>
    </ClInclude>
    <ClInclude Include="include\ksmaudio\AudioEffect\detail\BiquadFilter.hpp">
      <Filter>Header Files\AudioEffect\detail</Filter>
    </ClInclude>
    <ClInclude Include="include\ksmaudio\AudioEffect\detail\MathUtils.hpp">
      <Filter>Header Files\AudioEffect\detail</Filter>
    </ClInclude>
    <ClInclude Include="include\ksmaudio\AudioEffect\detail\RingBuffer.hpp">
      <Filter>Header Files\AudioEffect\detail</Filter>
    </ClInclude>
    <ClInclude Include="include\ksmaudio\AudioEffect\AudioEffectParam.hpp">
      <Filter>Header Files\AudioEffect</Filter>
    </ClInclude>
    <ClInclude Include="include\ksmaudio\AudioEffect\DSP\FlangerDSP.hpp">
      <Filter>Header Files\AudioEffect\DSP</Filter>
    </ClInclude>
    <ClInclude Include="include\ksmaudio\AudioEffect\All.hpp">
      <Filter>Header Files\AudioEffect</Filter>
    </ClInclude>
    <ClInclude Include="include\ksmaudio\AudioEffect\DSP\BitcrusherDSP.hpp">
      <Filter>Header Files\AudioEffect\DSP</Filter>
    </ClInclude>
    <ClInclude Include="include\ksmaudio\AudioEffect\Params\FlangerParams.hpp">
      <Filter>Header Files\AudioEffect\Params</Filter>
    </ClInclude>
    <ClInclude Include="include\ksmaudio\AudioEffect\Params\BitcrusherParams.hpp">
      <Filter>Header Files\AudioEffect\Params</Filter>
    </ClInclude>
    <ClInclude Include="include\ksmaudio\StreamWithEffects.hpp">
      <Filter>Header Files</Filter>
    </ClInclude>
    <ClInclude Include="include\ksmaudio\AudioEffect\Params\RetriggerEchoParams.hpp">
      <Filter>Header Files\AudioEffect\Params</Filter>
    </ClInclude>
    <ClInclude Include="include\ksmaudio\AudioEffect\DSP\RetriggerEchoDSP.hpp">
      <Filter>Header Files\AudioEffect\DSP</Filter>
    </ClInclude>
    <ClInclude Include="include\ksmaudio\AudioEffect\detail\LinearBuffer.hpp">
      <Filter>Header Files\AudioEffect\detail</Filter>
    </ClInclude>
    <ClInclude Include="include\ksmaudio\AudioEffect\AudioEffectBus.hpp">
      <Filter>Header Files\AudioEffect</Filter>
    </ClInclude>
    <ClInclude Include="include\ksmaudio\AudioEffect\detail\WaveLengthUtils.hpp">
      <Filter>Header Files\AudioEffect\detail</Filter>
    </ClInclude>
    <ClInclude Include="include\ksmaudio\AudioEffect\DSP\GateDSP.hpp">
      <Filter>Header Files\AudioEffect\DSP</Filter>
    </ClInclude>
    <ClInclude Include="include\ksmaudio\AudioEffect\Params\GateParams.hpp">
      <Filter>Header Files\AudioEffect\Params</Filter>
    </ClInclude>
    <ClInclude Include="include\ksmaudio\AudioEffect\DSP\WobbleDSP.hpp">
      <Filter>Header Files\AudioEffect\DSP</Filter>
    </ClInclude>
    <ClInclude Include="include\ksmaudio\AudioEffect\Params\WobbleParams.hpp">
      <Filter>Header Files\AudioEffect\Params</Filter>
    </ClInclude>
    <ClInclude Include="include\ksmaudio\AudioEffect\detail\DSPSimpleTriggerHandler.hpp">
      <Filter>Header Files\AudioEffect\detail</Filter>
    </ClInclude>
    <ClInclude Include="include\ksmaudio\AudioEffect\ParamController.hpp">
      <Filter>Header Files\AudioEffect</Filter>
    </ClInclude>
    <ClInclude Include="include\ksmaudio\AudioEffect\detail\UpdateTriggerTimeline.hpp">
      <Filter>Header Files\AudioEffect\detail</Filter>
    </ClInclude>
    <ClInclude Include="include\ksmaudio\AudioEffect\DSP\TapestopDSP.hpp">
      <Filter>Header Files\AudioEffect\DSP</Filter>
    </ClInclude>
    <ClInclude Include="include\ksmaudio\AudioEffect\Params\TapestopParams.hpp">
      <Filter>Header Files\AudioEffect\Params</Filter>
    </ClInclude>
    <ClInclude Include="include\ksmaudio\AudioEffect\detail\TimeModulator.hpp">
      <Filter>Header Files\AudioEffect\detail</Filter>
    </ClInclude>
    <ClInclude Include="include\ksmaudio\AudioEffect\DSP\PeakingFilterDSP.hpp">
      <Filter>Header Files\AudioEffect\DSP</Filter>
    </ClInclude>
    <ClInclude Include="include\ksmaudio\AudioEffect\Params\PeakingFilterParams.hpp">
      <Filter>Header Files\AudioEffect\Params</Filter>
    </ClInclude>
    <ClInclude Include="include\ksmaudio\AudioEffect\DSP\LowPassFilterDSP.hpp">
      <Filter>Header Files\AudioEffect\DSP</Filter>
    </ClInclude>
    <ClInclude Include="include\ksmaudio\AudioEffect\Params\LowPassFilterParams.hpp">
      <Filter>Header Files\AudioEffect\Params</Filter>
    </ClInclude>
    <ClInclude Include="include\ksmaudio\AudioEffect\detail\LinearEasing.hpp">
      <Filter>Header Files\AudioEffect\detail</Filter>
    </ClInclude>
    <ClInclude Include="include\ksmaudio\AudioEffect\DSP\HighPassFilterDSP.hpp">
      <Filter>Header Files\AudioEffect\DSP</Filter>
    </ClInclude>
    <ClInclude Include="include\ksmaudio\AudioEffect\Params\HighPassFilterParams.hpp">
      <Filter>Header Files\AudioEffect\Params</Filter>
    </ClInclude>
    <ClInclude Include="include\ksmaudio\AudioEffect\DSP\SidechainDSP.hpp">
      <Filter>Header Files\AudioEffect\DSP</Filter>
    </ClInclude>
    <ClInclude Include="include\ksmaudio\AudioEffect\Params\SidechainParams.hpp">
      <Filter>Header Files\AudioEffect\Params</Filter>
    </ClInclude>
    <ClInclude Include="include\ksmaudio\AudioEffect\Params\PhaserParams.hpp">
      <Filter>Header Files\AudioEffect\Params</Filter>
    </ClInclude>
    <ClInclude Include="include\ksmaudio\AudioEffect\DSP\PhaserDSP.hpp">
      <Filter>Header Files\AudioEffect\DSP</Filter>
    </ClInclude>
    <ClInclude Include="include\ksmaudio\AudioEffect\DSP\PitchShiftDSP.hpp">
      <Filter>Header Files\AudioEffect\DSP</Filter>
    </ClInclude>
    <ClInclude Include="include\ksmaudio\AudioEffect\Params\PitchShiftParams.hpp">
      <Filter>Header Files\AudioEffect\Params</Filter>
    </ClInclude>
  </ItemGroup>
  <ItemGroup>
    <ClCompile Include="src\ksmaudio.cpp">
      <Filter>Source Files</Filter>
    </ClCompile>
    <ClCompile Include="src\Sample.cpp">
      <Filter>Source Files</Filter>
    </ClCompile>
    <ClCompile Include="src\Stream.cpp">
      <Filter>Source Files</Filter>
    </ClCompile>
    <ClCompile Include="src\AudioEffect\AudioEffectParam.cpp">
      <Filter>Source Files\AudioEffect</Filter>
    </ClCompile>
    <ClCompile Include="src\AudioEffect\DSP\FlangerDSP.cpp">
      <Filter>Source Files\AudioEffect\DSP</Filter>
    </ClCompile>
    <ClCompile Include="src\AudioEffect\DSP\BitcrusherDSP.cpp">
      <Filter>Source Files\AudioEffect\DSP</Filter>
    </ClCompile>
    <ClCompile Include="src\StreamWithEffects.cpp">
      <Filter>Source Files</Filter>
    </ClCompile>
    <ClCompile Include="src\AudioEffect\DSP\RetriggerEchoDSP.cpp">
      <Filter>Source Files\AudioEffect\DSP</Filter>
    </ClCompile>
    <ClCompile Include="src\AudioEffect\AudioEffectBus.cpp">
      <Filter>Source Files\AudioEffect</Filter>
    </ClCompile>
    <ClCompile Include="src\AudioEffect\DSP\GateDSP.cpp">
      <Filter>Source Files\AudioEffect\DSP</Filter>
    </ClCompile>
    <ClCompile Include="src\AudioEffect\DSP\WobbleDSP.cpp">
      <Filter>Source Files\AudioEffect\DSP</Filter>
    </ClCompile>
    <ClCompile Include="src\AudioEffect\ParamController.cpp">
      <Filter>Source Files\AudioEffect</Filter>
    </ClCompile>
    <ClCompile Include="src\AudioEffect\DSP\TapestopDSP.cpp">
      <Filter>Source Files\AudioEffect\DSP</Filter>
    </ClCompile>
    <ClCompile Include="src\AudioEffect\DSP\PeakingFilterDSP.cpp">
      <Filter>Source Files\AudioEffect\DSP</Filter>
    </ClCompile>
    <ClCompile Include="src\AudioEffect\DSP\LowPassFilterDSP.cpp">
      <Filter>Source Files\AudioEffect\DSP</Filter>
    </ClCompile>
    <ClCompile Include="src\AudioEffect\DSP\HighPassFilterDSP.cpp">
      <Filter>Source Files\AudioEffect\DSP</Filter>
    </ClCompile>
    <ClCompile Include="src\AudioEffect\detail\WaveLengthUtils.cpp">
      <Filter>Source Files\AudioEffect\detail</Filter>
    </ClCompile>
    <ClCompile Include="src\AudioEffect\DSP\SidechainDSP.cpp">
      <Filter>Source Files\AudioEffect\DSP</Filter>
    </ClCompile>
    <ClCompile Include="src\AudioEffect\DSP\PhaserDSP.cpp">
      <Filter>Source Files\AudioEffect\DSP</Filter>
    </ClCompile>
    <ClCompile Include="src\AudioEffect\DSP\PitchShiftDSP.cpp">
      <Filter>Source Files\AudioEffect\DSP</Filter>
    </ClCompile>
  </ItemGroup>
</Project>